
Microsoft Visual Studio Solution File, Format Version 12.00
# Visual Studio Version 17
VisualStudioVersion = 17.1.32228.430
MinimumVisualStudioVersion = 10.0.40219.1
Project("{FAE04EC0-301F-11D3-BF4B-00C04F79EFBC}") = "pjControlRegistroParticipantes", "pjControlRegistroParticipantes\pjControlRegistroParticipantes.csproj", "{26CEED94-4B09-4064-A4D0-B96B5CFF79A9}"
EndProject
Global
	GlobalSection(SolutionConfigurationPlatforms) = preSolution
		Debug|Any CPU = Debug|Any CPU
		Release|Any CPU = Release|Any CPU
	EndGlobalSection
	GlobalSection(ProjectConfigurationPlatforms) = postSolution
		{26CEED94-4B09-4064-A4D0-B96B5CFF79A9}.Debug|Any CPU.ActiveCfg = Debug|Any CPU
		{26CEED94-4B09-4064-A4D0-B96B5CFF79A9}.Debug|Any CPU.Build.0 = Debug|Any CPU
		{26CEED94-4B09-4064-A4D0-B96B5CFF79A9}.Release|Any CPU.ActiveCfg = Release|Any CPU
		{26CEED94-4B09-4064-A4D0-B96B5CFF79A9}.Release|Any CPU.Build.0 = Release|Any CPU
	EndGlobalSection
	GlobalSection(SolutionProperties) = preSolution
		HideSolutionNode = FALSE
	EndGlobalSection
	GlobalSection(ExtensibilityGlobals) = postSolution
		SolutionGuid = {8B402FC8-2B52-4E83-8EE6-BF46807E2CA0}
	EndGlobalSection
EndGlobal
